<?xml version="1.0" encoding="utf-8"?>
<Project ToolsVersion="4.0" xmlns="http://schemas.microsoft.com/developer/msbuild/2003">
  <ItemGroup>
    <Filter Include="Source Files">
      <UniqueIdentifier>{4FC737F1-C7A5-4376-A066-2A32D752A2FF}</UniqueIdentifier>
      <Extensions>cpp;c;cc;cxx;def;odl;idl;hpj;bat;asm;asmx</Extensions>
    </Filter>
    <Filter Include="Header Files">
      <UniqueIdentifier>{93995380-89BD-4b04-88EB-625FBE52EBFB}</UniqueIdentifier>
      <Extensions>h;hh;hpp;hxx;hm;inl;inc;xsd</Extensions>
    </Filter>
    <Filter Include="Resource Files">
      <UniqueIdentifier>{67DA6AB6-F800-4c08-8B7A-83BB121AAD01}</UniqueIdentifier>
      <Extensions>rc;ico;cur;bmp;dlg;rc2;rct;bin;rgs;gif;jpg;jpeg;jpe;resx;tiff;tif;png;wav;mfcribbon-ms</Extensions>
    </Filter>
  </ItemGroup>
  <ItemGroup>
    <ClCompile Include="src\game\NoClipCameraEntity.cpp">
      <Filter>Source Files</Filter>
    </ClCompile>
    <ClCompile Include="src\game\Razura.cpp">
      <Filter>Source Files</Filter>
    </ClCompile>
    <ClCompile Include="src\main.cpp">
      <Filter>Source Files</Filter>
    </ClCompile>
    <ClCompile Include="src\math\StairArc.cpp">
      <Filter>Source Files</Filter>
    </ClCompile>
    <ClCompile Include="src\math\StairAlgorithm.cpp">
      <Filter>Source Files</Filter>
    </ClCompile>
    <ClCompile Include="src\game\StairArcCanvas.cpp">
      <Filter>Source Files</Filter>
    </ClCompile>
    <ClCompile Include="src\game\Voronoi3DEntity.cpp">
      <Filter>Source Files</Filter>
    </ClCompile>
    <ClCompile Include="src\game\VoronoiCanvas.cpp">
      <Filter>Source Files</Filter>
    </ClCompile>
    <ClCompile Include="src\math\DelaunayVertex.cpp">
      <Filter>Source Files</Filter>
    </ClCompile>
    <ClCompile Include="src\game\PointCloudEntity.cpp">
      <Filter>Source Files</Filter>
    </ClCompile>
    <ClCompile Include="src\math\Voronoi2.cpp">
      <Filter>Source Files</Filter>
    </ClCompile>
    <ClCompile Include="src\math\Voronoi3.cpp">
      <Filter>Source Files</Filter>
    </ClCompile>
    <ClCompile Include="src\game\TestCanvas.cpp">
      <Filter>Source Files</Filter>
    </ClCompile>
    <ClCompile Include="src\razura\RazuraWorldEntity.cpp">
      <Filter>Source Files</Filter>
    </ClCompile>
    <ClCompile Include="src\razura\RazuraPlayer.cpp">
      <Filter>Source Files</Filter>
    </ClCompile>
    <ClCompile Include="src\tiles\Tilemap.cpp">
      <Filter>Source Files</Filter>
    </ClCompile>
  </ItemGroup>
  <ItemGroup>
    <ClInclude Include="src\game\NoClipCameraEntity.h">
      <Filter>Header Files</Filter>
    </ClInclude>
    <ClInclude Include="src\game\Razura.h">
      <Filter>Header Files</Filter>
    </ClInclude>
    <ClInclude Include="src\math\StairArc.h">
      <Filter>Header Files</Filter>
    </ClInclude>
    <ClInclude Include="src\math\StairAlgorithm.h">
      <Filter>Header Files</Filter>
    </ClInclude>
    <ClInclude Include="src\game\StairArcCanvas.h">
      <Filter>Header Files</Filter>
    </ClInclude>
    <ClInclude Include="src\math\lego2.h">
      <Filter>Header Files</Filter>
    </ClInclude>
    <ClInclude Include="src\game\Voronoi3DEntity.h">
      <Filter>Header Files</Filter>
    </ClInclude>
    <ClInclude Include="src\game\VoronoiCanvas.h">
      <Filter>Header Files</Filter>
    </ClInclude>
    <ClInclude Include="src\math\lego3.h">
      <Filter>Header Files</Filter>
    </ClInclude>
    <ClInclude Include="src\math\DelaunayVertex.h">
      <Filter>Header Files</Filter>
    </ClInclude>
    <ClInclude Include="src\game\PointCloudEntity.h">
      <Filter>Header Files</Filter>
    </ClInclude>
    <ClInclude Include="src\math\Delaunay3.h">
      <Filter>Header Files</Filter>
    </ClInclude>
    <ClInclude Include="src\math\Delaunay2.h">
      <Filter>Header Files</Filter>
    </ClInclude>
    <ClInclude Include="src\math\Voronoi2.h">
      <Filter>Header Files</Filter>
    </ClInclude>
    <ClInclude Include="src\math\Voronoi3.h">
      <Filter>Header Files</Filter>
    </ClInclude>
    <ClInclude Include="src\game\TestCanvas.h">
      <Filter>Header Files</Filter>
    </ClInclude>
    <ClInclude Include="src\razura\RazuraWorldEntity.h">
      <Filter>Header Files</Filter>
    </ClInclude>
    <ClInclude Include="src\razura\RazuraPlayer.h">
      <Filter>Header Files</Filter>
    </ClInclude>
    <ClInclude Include="src\tiles\Tilemap.h">
      <Filter>Header Files</Filter>
    </ClInclude>
    <ClInclude Include="src\tiles\Tile.h">
      <Filter>Header Files</Filter>
    </ClInclude>
  </ItemGroup>
  <ItemGroup>
    <Xml Include="text.xml" />
  </ItemGroup>
  <ItemGroup>
    <None Include="settings\config.ini" />
    <None Include="shaders\terrain_fragment.glsl" />
    <None Include="shaders\terrain_vertex.glsl" />
    <None Include="shaders\mandelbrot_vertex.glsl" />
    <None Include="shaders\mandelbrot_fragment.glsl" />
  </ItemGroup>
</Project>